
Microsoft Visual Studio Solution File, Format Version 12.00
# Visual Studio Version 17
VisualStudioVersion = 17.10.34928.147
MinimumVisualStudioVersion = 10.0.40219.1
Project("{2150E333-8FDC-42A3-9474-1A3956D46DE8}") = "Services", "Services", "{A68FF65C-11AF-489E-B5B3-4DC65B2A9B95}"
EndProject
Project("{2150E333-8FDC-42A3-9474-1A3956D46DE8}") = "Catalog", "Catalog", "{296B5DBE-607A-486D-97B0-73726C2B2AB1}"
EndProject
Project("{9A19103F-16F7-4668-BE54-9A1E7A4F7556}") = "MultiShop.Catalog", "Services\Catalog\MultiShop.Catalog\MultiShop.Catalog.csproj", "{38CAF8EA-64CB-46B8-9832-5E9AFDE03663}"
EndProject
Project("{2150E333-8FDC-42A3-9474-1A3956D46DE8}") = "Discount", "Discount", "{A34107F6-ECC5-46A5-A6CC-566119EE9A34}"
EndProject
Project("{FAE04EC0-301F-11D3-BF4B-00C04F79EFBC}") = "MultiShop.Discount", "Services\Discount\MultiShop.Discount\MultiShop.Discount.csproj", "{73A77C60-2882-4245-9B49-EEC1F7B28FA6}"
EndProject
Project("{2150E333-8FDC-42A3-9474-1A3956D46DE8}") = "Order", "Order", "{9AC8C3B4-6E35-4B4C-9BDD-981E4808EEA2}"
EndProject
Project("{2150E333-8FDC-42A3-9474-1A3956D46DE8}") = "Core", "Core", "{A6F550A0-EA70-4614-8282-12E578F31CA3}"
EndProject
Project("{2150E333-8FDC-42A3-9474-1A3956D46DE8}") = "Infrastructure", "Infrastructure", "{D667613D-5FCD-46AA-A9EA-F4F87F607B42}"
EndProject
Project("{2150E333-8FDC-42A3-9474-1A3956D46DE8}") = "Presentatiton", "Presentatiton", "{07B0B992-A99F-44C8-B5A8-AEA994F3D7A4}"
EndProject
Project("{FAE04EC0-301F-11D3-BF4B-00C04F79EFBC}") = "MultiShop.Order.Domain", "Order\Core\MultiShop.Order.Domain\MultiShop.Order.Domain.csproj", "{FB2A843F-0A9C-404A-A131-C3AEEDEC33A7}"
EndProject
Project("{FAE04EC0-301F-11D3-BF4B-00C04F79EFBC}") = "MultiShop.Order.Application", "Services\Order\Core\MultiShop.Order.Application\MultiShop.Order.Application.csproj", "{E29CCCC9-1381-49B6-9017-1511E0621D2C}"
EndProject
Project("{FAE04EC0-301F-11D3-BF4B-00C04F79EFBC}") = "MultiShop.Order.Persistence", "Services\Order\Infrastucture\MultiShop.Order.Persistence\MultiShop.Order.Persistence.csproj", "{D24CC603-B631-403B-9CCA-3D86F89BEB25}"
EndProject
Project("{FAE04EC0-301F-11D3-BF4B-00C04F79EFBC}") = "MultiShop.Order.WebApi", "Services\Order\Presentation\MultiShop.Order.WebApi\MultiShop.Order.WebApi.csproj", "{BCF1229D-3B61-4179-B80C-A4A95D6A95AC}"
EndProject
Global
	GlobalSection(SolutionConfigurationPlatforms) = preSolution
		Debug|Any CPU = Debug|Any CPU
		Release|Any CPU = Release|Any CPU
	EndGlobalSection
	GlobalSection(ProjectConfigurationPlatforms) = postSolution
		{38CAF8EA-64CB-46B8-9832-5E9AFDE03663}.Debug|Any CPU.ActiveCfg = Debug|Any CPU
		{38CAF8EA-64CB-46B8-9832-5E9AFDE03663}.Debug|Any CPU.Build.0 = Debug|Any CPU
		{38CAF8EA-64CB-46B8-9832-5E9AFDE03663}.Release|Any CPU.ActiveCfg = Release|Any CPU
		{38CAF8EA-64CB-46B8-9832-5E9AFDE03663}.Release|Any CPU.Build.0 = Release|Any CPU
		{73A77C60-2882-4245-9B49-EEC1F7B28FA6}.Debug|Any CPU.ActiveCfg = Debug|Any CPU
		{73A77C60-2882-4245-9B49-EEC1F7B28FA6}.Debug|Any CPU.Build.0 = Debug|Any CPU
		{73A77C60-2882-4245-9B49-EEC1F7B28FA6}.Release|Any CPU.ActiveCfg = Release|Any CPU
		{73A77C60-2882-4245-9B49-EEC1F7B28FA6}.Release|Any CPU.Build.0 = Release|Any CPU
		{FB2A843F-0A9C-404A-A131-C3AEEDEC33A7}.Debug|Any CPU.ActiveCfg = Debug|Any CPU
		{FB2A843F-0A9C-404A-A131-C3AEEDEC33A7}.Debug|Any CPU.Build.0 = Debug|Any CPU
		{FB2A843F-0A9C-404A-A131-C3AEEDEC33A7}.Release|Any CPU.ActiveCfg = Release|Any CPU
		{FB2A843F-0A9C-404A-A131-C3AEEDEC33A7}.Release|Any CPU.Build.0 = Release|Any CPU
		{E29CCCC9-1381-49B6-9017-1511E0621D2C}.Debug|Any CPU.ActiveCfg = Debug|Any CPU
		{E29CCCC9-1381-49B6-9017-1511E0621D2C}.Debug|Any CPU.Build.0 = Debug|Any CPU
		{E29CCCC9-1381-49B6-9017-1511E0621D2C}.Release|Any CPU.ActiveCfg = Release|Any CPU
		{E29CCCC9-1381-49B6-9017-1511E0621D2C}.Release|Any CPU.Build.0 = Release|Any CPU
		{D24CC603-B631-403B-9CCA-3D86F89BEB25}.Debug|Any CPU.ActiveCfg = Debug|Any CPU
		{D24CC603-B631-403B-9CCA-3D86F89BEB25}.Debug|Any CPU.Build.0 = Debug|Any CPU
		{D24CC603-B631-403B-9CCA-3D86F89BEB25}.Release|Any CPU.ActiveCfg = Release|Any CPU
		{D24CC603-B631-403B-9CCA-3D86F89BEB25}.Release|Any CPU.Build.0 = Release|Any CPU
		{BCF1229D-3B61-4179-B80C-A4A95D6A95AC}.Debug|Any CPU.ActiveCfg = Debug|Any CPU
		{BCF1229D-3B61-4179-B80C-A4A95D6A95AC}.Debug|Any CPU.Build.0 = Debug|Any CPU
		{BCF1229D-3B61-4179-B80C-A4A95D6A95AC}.Release|Any CPU.ActiveCfg = Release|Any CPU
		{BCF1229D-3B61-4179-B80C-A4A95D6A95AC}.Release|Any CPU.Build.0 = Release|Any CPU
	EndGlobalSection
	GlobalSection(SolutionProperties) = preSolution
		HideSolutionNode = FALSE
	EndGlobalSection
	GlobalSection(NestedProjects) = preSolution
		{296B5DBE-607A-486D-97B0-73726C2B2AB1} = {A68FF65C-11AF-489E-B5B3-4DC65B2A9B95}
		{38CAF8EA-64CB-46B8-9832-5E9AFDE03663} = {296B5DBE-607A-486D-97B0-73726C2B2AB1}
		{A34107F6-ECC5-46A5-A6CC-566119EE9A34} = {A68FF65C-11AF-489E-B5B3-4DC65B2A9B95}
		{73A77C60-2882-4245-9B49-EEC1F7B28FA6} = {A34107F6-ECC5-46A5-A6CC-566119EE9A34}
		{9AC8C3B4-6E35-4B4C-9BDD-981E4808EEA2} = {A68FF65C-11AF-489E-B5B3-4DC65B2A9B95}
		{A6F550A0-EA70-4614-8282-12E578F31CA3} = {9AC8C3B4-6E35-4B4C-9BDD-981E4808EEA2}
		{D667613D-5FCD-46AA-A9EA-F4F87F607B42} = {9AC8C3B4-6E35-4B4C-9BDD-981E4808EEA2}
		{07B0B992-A99F-44C8-B5A8-AEA994F3D7A4} = {9AC8C3B4-6E35-4B4C-9BDD-981E4808EEA2}
		{FB2A843F-0A9C-404A-A131-C3AEEDEC33A7} = {A6F550A0-EA70-4614-8282-12E578F31CA3}
		{E29CCCC9-1381-49B6-9017-1511E0621D2C} = {A6F550A0-EA70-4614-8282-12E578F31CA3}
		{D24CC603-B631-403B-9CCA-3D86F89BEB25} = {D667613D-5FCD-46AA-A9EA-F4F87F607B42}
		{BCF1229D-3B61-4179-B80C-A4A95D6A95AC} = {07B0B992-A99F-44C8-B5A8-AEA994F3D7A4}
	EndGlobalSection
	GlobalSection(ExtensibilityGlobals) = postSolution
		SolutionGuid = {AE684B1D-CAC4-4C32-BDAA-8216A21F3AB1}
	EndGlobalSection
EndGlobal
